
Microsoft Visual Studio Solution File, Format Version 12.00
# Visual Studio Version 17
VisualStudioVersion = 17.6.33829.357
MinimumVisualStudioVersion = 10.0.40219.1
Project("{8BC9CEB8-8B4A-11D0-8D11-00A0C91BC942}") = "test", "test\test.vcxproj", "{3AF63D95-A7F5-4351-BD91-03ECF316E588}"
EndProject
Project("{8BC9CEB8-8B4A-11D0-8D11-00A0C91BC942}") = "Client", "Client\Client.vcxproj", "{7D868FB3-3CAF-468A-BC68-D1D0D6FA8CB0}"
EndProject
Global
	GlobalSection(SolutionConfigurationPlatforms) = preSolution
		Debug|x64 = Debug|x64
		Debug|x86 = Debug|x86
		Release|x64 = Release|x64
		Release|x86 = Release|x86
	EndGlobalSection
	GlobalSection(ProjectConfigurationPlatforms) = postSolution
		{3AF63D95-A7F5-4351-BD91-03ECF316E588}.Debug|x64.ActiveCfg = Debug|x64
		{3AF63D95-A7F5-4351-BD91-03ECF316E588}.Debug|x64.Build.0 = Debug|x64
		{3AF63D95-A7F5-4351-BD91-03ECF316E588}.Debug|x86.ActiveCfg = Debug|Win32
		{3AF63D95-A7F5-4351-BD91-03ECF316E588}.Debug|x86.Build.0 = Debug|Win32
		{3AF63D95-A7F5-4351-BD91-03ECF316E588}.Release|x64.ActiveCfg = Release|x64
		{3AF63D95-A7F5-4351-BD91-03ECF316E588}.Release|x64.Build.0 = Release|x64
		{3AF63D95-A7F5-4351-BD91-03ECF316E588}.Release|x86.ActiveCfg = Release|Win32
		{3AF63D95-A7F5-4351-BD91-03ECF316E588}.Release|x86.Build.0 = Release|Win32
		{7D868FB3-3CAF-468A-BC68-D1D0D6FA8CB0}.Debug|x64.ActiveCfg = Debug|x64
		{7D868FB3-3CAF-468A-BC68-D1D0D6FA8CB0}.Debug|x64.Build.0 = Debug|x64
		{7D868FB3-3CAF-468A-BC68-D1D0D6FA8CB0}.Debug|x86.ActiveCfg = Debug|Win32
		{7D868FB3-3CAF-468A-BC68-D1D0D6FA8CB0}.Debug|x86.Build.0 = Debug|Win32
		{7D868FB3-3CAF-468A-BC68-D1D0D6FA8CB0}.Release|x64.ActiveCfg = Release|x64
		{7D868FB3-3CAF-468A-BC68-D1D0D6FA8CB0}.Release|x64.Build.0 = Release|x64
		{7D868FB3-3CAF-468A-BC68-D1D0D6FA8CB0}.Release|x86.ActiveCfg = Release|Win32
		{7D868FB3-3CAF-468A-BC68-D1D0D6FA8CB0}.Release|x86.Build.0 = Release|Win32
	EndGlobalSection
	GlobalSection(SolutionProperties) = preSolution
		HideSolutionNode = FALSE
	EndGlobalSection
	GlobalSection(ExtensibilityGlobals) = postSolution
		SolutionGuid = {71C30D83-84CB-438F-A952-7A767DDC825A}
	EndGlobalSection
EndGlobal
